
Microsoft Visual Studio Solution File, Format Version 12.00
# Visual Studio Version 17
VisualStudioVersion = 17.9.34714.143
MinimumVisualStudioVersion = 10.0.40219.1
Project("{FAE04EC0-301F-11D3-BF4B-00C04F79EFBC}") = "23 practice", "23 practice\23 practice.csproj", "{80DA3F6B-5794-4DB1-8BAE-ED084F1D9097}"
EndProject
Global
	GlobalSection(SolutionConfigurationPlatforms) = preSolution
		Debug|Any CPU = Debug|Any CPU
		Release|Any CPU = Release|Any CPU
	EndGlobalSection
	GlobalSection(ProjectConfigurationPlatforms) = postSolution
		{80DA3F6B-5794-4DB1-8BAE-ED084F1D9097}.Debug|Any CPU.ActiveCfg = Debug|Any CPU
		{80DA3F6B-5794-4DB1-8BAE-ED084F1D9097}.Debug|Any CPU.Build.0 = Debug|Any CPU
		{80DA3F6B-5794-4DB1-8BAE-ED084F1D9097}.Release|Any CPU.ActiveCfg = Release|Any CPU
		{80DA3F6B-5794-4DB1-8BAE-ED084F1D9097}.Release|Any CPU.Build.0 = Release|Any CPU
	EndGlobalSection
	GlobalSection(SolutionProperties) = preSolution
		HideSolutionNode = FALSE
	EndGlobalSection
	GlobalSection(ExtensibilityGlobals) = postSolution
		SolutionGuid = {CED24F68-5623-451E-BD94-E9BD6A36816C}
	EndGlobalSection
EndGlobal
